
Microsoft Visual Studio Solution File, Format Version 12.00
# Visual Studio Version 18
VisualStudioVersion = 18.7.11903.348
MinimumVisualStudioVersion = 10.0.40219.1
Project("{9A19103F-16F7-4668-BE54-9A1E7A4F7556}") = "Master.Common", "Master\Master.Common\Master.Common.csproj", "{62471F2A-AA82-449C-9964-2616EAA0EC7A}"
EndProject
Project("{9A19103F-16F7-4668-BE54-9A1E7A4F7556}") = "Master.Entities", "Master\Master.Entities\Master.Entities.csproj", "{73C281BD-4C36-4871-BFE2-4B3C116470E3}"
EndProject
Project("{9A19103F-16F7-4668-BE54-9A1E7A4F7556}") = "Master.Infrastructure", "Master\Master.Infrastructure\Master.Infrastructure.csproj", "{478A0B52-8800-4732-BC3C-82C724859E0C}"
EndProject
Project("{9A19103F-16F7-4668-BE54-9A1E7A4F7556}") = "Master.DTO", "Master\Master.DTO\Master.DTO.csproj", "{B054EDE5-F7F9-43D2-9840-57DC6493758E}"
EndProject
Project("{9A19103F-16F7-4668-BE54-9A1E7A4F7556}") = "Master.EFCore", "Master\Master.EFCore\Master.EFCore.csproj", "{9825CAEF-7D1E-446E-BDCA-7F394D18736A}"
EndProject
Project("{9A19103F-16F7-4668-BE54-9A1E7A4F7556}") = "Master.Services", "Master\Master.Services\Master.Services.csproj", "{23132C15-1E6A-4BB6-AB9F-BCEDA58768E1}"
EndProject
Project("{9A19103F-16F7-4668-BE54-9A1E7A4F7556}") = "Master.Ressources", "Master\Master.Ressources\Master.Ressources.csproj", "{30B05FE3-462F-4BCC-990A-3BCB32B4B214}"
EndProject
Project("{9A19103F-16F7-4668-BE54-9A1E7A4F7556}") = "Master.DIContainerCore", "Master\Master.DIContainerCore\Master.DIContainerCore.csproj", "{B049CFDB-2F1A-4EBC-8508-306CB30B69E1}"
EndProject
Project("{9A19103F-16F7-4668-BE54-9A1E7A4F7556}") = "Master.Auth", "Master\Master.Auth\Master.Auth.csproj", "{C5FA0C44-206D-4E34-9183-C4336CA9AB84}"
EndProject
Project("{9A19103F-16F7-4668-BE54-9A1E7A4F7556}") = "Master.API", "Master\Master.API\Master.API.csproj", "{E6CA1882-65BA-472B-98E4-4F878CCF40F9}"
EndProject
Project("{9A19103F-16F7-4668-BE54-9A1E7A4F7556}") = "DMS.Entities", "DMS\DMS.Entities\DMS.Entities.csproj", "{E0E5C0AE-1006-4BD3-A2CF-FB4066CDBE42}"
EndProject
Project("{9A19103F-16F7-4668-BE54-9A1E7A4F7556}") = "DMS.DTO", "DMS\DMS.DTO\DMS.DTO.csproj", "{87E08BD6-DCE1-424D-8CDB-B16BAB87C389}"
EndProject
Project("{9A19103F-16F7-4668-BE54-9A1E7A4F7556}") = "DMS.Infrastructure", "DMS\DMS.Infrastructure\DMS.Infrastructure.csproj", "{EF53D4E3-ABB7-4496-97BF-85224FF51670}"
EndProject
Project("{9A19103F-16F7-4668-BE54-9A1E7A4F7556}") = "DMS.EFCore", "DMS\DMS.EFCore\DMS.EFCore.csproj", "{C38F76E0-0B84-40A5-A180-53A02C893410}"
EndProject
Project("{9A19103F-16F7-4668-BE54-9A1E7A4F7556}") = "DMS.Services", "DMS\DMS.Services\DMS.Services.csproj", "{F582BD9C-DF67-4F7B-A414-6C619F3B021E}"
EndProject
Project("{9A19103F-16F7-4668-BE54-9A1E7A4F7556}") = "DMS.DIContainerCore", "DMS\DMS.DIContainerCore\DMS.DIContainerCore.csproj", "{47E2D6EB-9C48-490D-9BCB-F5B40961ADE3}"
EndProject
Project("{9A19103F-16F7-4668-BE54-9A1E7A4F7556}") = "DMS.API", "DMS\DMS.API\DMS.API.csproj", "{70C57FFC-7119-4D3D-B2D7-B14BAF032BD5}"
EndProject
Project("{2150E333-8FDC-42A3-9474-1A3956D46DE8}") = "DMS", "DMS", "{916FC042-C497-44C9-B90B-36DEE8136FB8}"
EndProject
Project("{2150E333-8FDC-42A3-9474-1A3956D46DE8}") = "Master", "Master", "{A672AE28-98A5-4EEE-9D23-1DD962D09826}"
EndProject
Project("{2150E333-8FDC-42A3-9474-1A3956D46DE8}") = "Data", "Data", "{6D4583CD-FE15-4296-A10F-3D8BF800026C}"
	ProjectSection(SolutionItems) = preProject
		DMS\DMS.Entities\Models\DmsReferenceContext.cs = DMS\DMS.Entities\Models\DmsReferenceContext.cs
		DMS\DMS.Entities\Models\postgresContext.cs = DMS\DMS.Entities\Models\postgresContext.cs
	EndProjectSection
EndProject
Global
	GlobalSection(SolutionConfigurationPlatforms) = preSolution
		Debug|Any CPU = Debug|Any CPU
		Release|Any CPU = Release|Any CPU
	EndGlobalSection
	GlobalSection(ProjectConfigurationPlatforms) = postSolution
		{62471F2A-AA82-449C-9964-2616EAA0EC7A}.Debug|Any CPU.ActiveCfg = Debug|Any CPU
		{62471F2A-AA82-449C-9964-2616EAA0EC7A}.Debug|Any CPU.Build.0 = Debug|Any CPU
		{62471F2A-AA82-449C-9964-2616EAA0EC7A}.Release|Any CPU.ActiveCfg = Release|Any CPU
		{62471F2A-AA82-449C-9964-2616EAA0EC7A}.Release|Any CPU.Build.0 = Release|Any CPU
		{73C281BD-4C36-4871-BFE2-4B3C116470E3}.Debug|Any CPU.ActiveCfg = Debug|Any CPU
		{73C281BD-4C36-4871-BFE2-4B3C116470E3}.Debug|Any CPU.Build.0 = Debug|Any CPU
		{73C281BD-4C36-4871-BFE2-4B3C116470E3}.Release|Any CPU.ActiveCfg = Release|Any CPU
		{73C281BD-4C36-4871-BFE2-4B3C116470E3}.Release|Any CPU.Build.0 = Release|Any CPU
		{478A0B52-8800-4732-BC3C-82C724859E0C}.Debug|Any CPU.ActiveCfg = Debug|Any CPU
		{478A0B52-8800-4732-BC3C-82C724859E0C}.Debug|Any CPU.Build.0 = Debug|Any CPU
		{478A0B52-8800-4732-BC3C-82C724859E0C}.Release|Any CPU.ActiveCfg = Release|Any CPU
		{478A0B52-8800-4732-BC3C-82C724859E0C}.Release|Any CPU.Build.0 = Release|Any CPU
		{B054EDE5-F7F9-43D2-9840-57DC6493758E}.Debug|Any CPU.ActiveCfg = Debug|Any CPU
		{B054EDE5-F7F9-43D2-9840-57DC6493758E}.Debug|Any CPU.Build.0 = Debug|Any CPU
		{B054EDE5-F7F9-43D2-9840-57DC6493758E}.Release|Any CPU.ActiveCfg = Release|Any CPU
		{B054EDE5-F7F9-43D2-9840-57DC6493758E}.Release|Any CPU.Build.0 = Release|Any CPU
		{9825CAEF-7D1E-446E-BDCA-7F394D18736A}.Debug|Any CPU.ActiveCfg = Debug|Any CPU
		{9825CAEF-7D1E-446E-BDCA-7F394D18736A}.Debug|Any CPU.Build.0 = Debug|Any CPU
		{9825CAEF-7D1E-446E-BDCA-7F394D18736A}.Release|Any CPU.ActiveCfg = Release|Any CPU
		{9825CAEF-7D1E-446E-BDCA-7F394D18736A}.Release|Any CPU.Build.0 = Release|Any CPU
		{23132C15-1E6A-4BB6-AB9F-BCEDA58768E1}.Debug|Any CPU.ActiveCfg = Debug|Any CPU
		{23132C15-1E6A-4BB6-AB9F-BCEDA58768E1}.Debug|Any CPU.Build.0 = Debug|Any CPU
		{23132C15-1E6A-4BB6-AB9F-BCEDA58768E1}.Release|Any CPU.ActiveCfg = Release|Any CPU
		{23132C15-1E6A-4BB6-AB9F-BCEDA58768E1}.Release|Any CPU.Build.0 = Release|Any CPU
		{30B05FE3-462F-4BCC-990A-3BCB32B4B214}.Debug|Any CPU.ActiveCfg = Debug|Any CPU
		{30B05FE3-462F-4BCC-990A-3BCB32B4B214}.Debug|Any CPU.Build.0 = Debug|Any CPU
		{30B05FE3-462F-4BCC-990A-3BCB32B4B214}.Release|Any CPU.ActiveCfg = Release|Any CPU
		{30B05FE3-462F-4BCC-990A-3BCB32B4B214}.Release|Any CPU.Build.0 = Release|Any CPU
		{B049CFDB-2F1A-4EBC-8508-306CB30B69E1}.Debug|Any CPU.ActiveCfg = Debug|Any CPU
		{B049CFDB-2F1A-4EBC-8508-306CB30B69E1}.Debug|Any CPU.Build.0 = Debug|Any CPU
		{B049CFDB-2F1A-4EBC-8508-306CB30B69E1}.Release|Any CPU.ActiveCfg = Release|Any CPU
		{B049CFDB-2F1A-4EBC-8508-306CB30B69E1}.Release|Any CPU.Build.0 = Release|Any CPU
		{C5FA0C44-206D-4E34-9183-C4336CA9AB84}.Debug|Any CPU.ActiveCfg = Debug|Any CPU
		{C5FA0C44-206D-4E34-9183-C4336CA9AB84}.Debug|Any CPU.Build.0 = Debug|Any CPU
		{C5FA0C44-206D-4E34-9183-C4336CA9AB84}.Release|Any CPU.ActiveCfg = Release|Any CPU
		{C5FA0C44-206D-4E34-9183-C4336CA9AB84}.Release|Any CPU.Build.0 = Release|Any CPU
		{E6CA1882-65BA-472B-98E4-4F878CCF40F9}.Debug|Any CPU.ActiveCfg = Debug|Any CPU
		{E6CA1882-65BA-472B-98E4-4F878CCF40F9}.Debug|Any CPU.Build.0 = Debug|Any CPU
		{E6CA1882-65BA-472B-98E4-4F878CCF40F9}.Release|Any CPU.ActiveCfg = Release|Any CPU
		{E6CA1882-65BA-472B-98E4-4F878CCF40F9}.Release|Any CPU.Build.0 = Release|Any CPU
		{E0E5C0AE-1006-4BD3-A2CF-FB4066CDBE42}.Debug|Any CPU.ActiveCfg = Debug|Any CPU
		{E0E5C0AE-1006-4BD3-A2CF-FB4066CDBE42}.Debug|Any CPU.Build.0 = Debug|Any CPU
		{E0E5C0AE-1006-4BD3-A2CF-FB4066CDBE42}.Release|Any CPU.ActiveCfg = Release|Any CPU
		{E0E5C0AE-1006-4BD3-A2CF-FB4066CDBE42}.Release|Any CPU.Build.0 = Release|Any CPU
		{87E08BD6-DCE1-424D-8CDB-B16BAB87C389}.Debug|Any CPU.ActiveCfg = Debug|Any CPU
		{87E08BD6-DCE1-424D-8CDB-B16BAB87C389}.Debug|Any CPU.Build.0 = Debug|Any CPU
		{87E08BD6-DCE1-424D-8CDB-B16BAB87C389}.Release|Any CPU.ActiveCfg = Release|Any CPU
		{87E08BD6-DCE1-424D-8CDB-B16BAB87C389}.Release|Any CPU.Build.0 = Release|Any CPU
		{EF53D4E3-ABB7-4496-97BF-85224FF51670}.Debug|Any CPU.ActiveCfg = Debug|Any CPU
		{EF53D4E3-ABB7-4496-97BF-85224FF51670}.Debug|Any CPU.Build.0 = Debug|Any CPU
		{EF53D4E3-ABB7-4496-97BF-85224FF51670}.Release|Any CPU.ActiveCfg = Release|Any CPU
		{EF53D4E3-ABB7-4496-97BF-85224FF51670}.Release|Any CPU.Build.0 = Release|Any CPU
		{C38F76E0-0B84-40A5-A180-53A02C893410}.Debug|Any CPU.ActiveCfg = Debug|Any CPU
		{C38F76E0-0B84-40A5-A180-53A02C893410}.Debug|Any CPU.Build.0 = Debug|Any CPU
		{C38F76E0-0B84-40A5-A180-53A02C893410}.Release|Any CPU.ActiveCfg = Release|Any CPU
		{C38F76E0-0B84-40A5-A180-53A02C893410}.Release|Any CPU.Build.0 = Release|Any CPU
		{F582BD9C-DF67-4F7B-A414-6C619F3B021E}.Debug|Any CPU.ActiveCfg = Debug|Any CPU
		{F582BD9C-DF67-4F7B-A414-6C619F3B021E}.Debug|Any CPU.Build.0 = Debug|Any CPU
		{F582BD9C-DF67-4F7B-A414-6C619F3B021E}.Release|Any CPU.ActiveCfg = Release|Any CPU
		{F582BD9C-DF67-4F7B-A414-6C619F3B021E}.Release|Any CPU.Build.0 = Release|Any CPU
		{47E2D6EB-9C48-490D-9BCB-F5B40961ADE3}.Debug|Any CPU.ActiveCfg = Debug|Any CPU
		{47E2D6EB-9C48-490D-9BCB-F5B40961ADE3}.Debug|Any CPU.Build.0 = Debug|Any CPU
		{47E2D6EB-9C48-490D-9BCB-F5B40961ADE3}.Release|Any CPU.ActiveCfg = Release|Any CPU
		{47E2D6EB-9C48-490D-9BCB-F5B40961ADE3}.Release|Any CPU.Build.0 = Release|Any CPU
		{70C57FFC-7119-4D3D-B2D7-B14BAF032BD5}.Debug|Any CPU.ActiveCfg = Debug|Any CPU
		{70C57FFC-7119-4D3D-B2D7-B14BAF032BD5}.Debug|Any CPU.Build.0 = Debug|Any CPU
		{70C57FFC-7119-4D3D-B2D7-B14BAF032BD5}.Release|Any CPU.ActiveCfg = Release|Any CPU
		{70C57FFC-7119-4D3D-B2D7-B14BAF032BD5}.Release|Any CPU.Build.0 = Release|Any CPU
	EndGlobalSection
	GlobalSection(SolutionProperties) = preSolution
		HideSolutionNode = FALSE
	EndGlobalSection
	GlobalSection(NestedProjects) = preSolution
		{62471F2A-AA82-449C-9964-2616EAA0EC7A} = {A672AE28-98A5-4EEE-9D23-1DD962D09826}
		{73C281BD-4C36-4871-BFE2-4B3C116470E3} = {A672AE28-98A5-4EEE-9D23-1DD962D09826}
		{478A0B52-8800-4732-BC3C-82C724859E0C} = {A672AE28-98A5-4EEE-9D23-1DD962D09826}
		{B054EDE5-F7F9-43D2-9840-57DC6493758E} = {A672AE28-98A5-4EEE-9D23-1DD962D09826}
		{9825CAEF-7D1E-446E-BDCA-7F394D18736A} = {A672AE28-98A5-4EEE-9D23-1DD962D09826}
		{23132C15-1E6A-4BB6-AB9F-BCEDA58768E1} = {A672AE28-98A5-4EEE-9D23-1DD962D09826}
		{30B05FE3-462F-4BCC-990A-3BCB32B4B214} = {A672AE28-98A5-4EEE-9D23-1DD962D09826}
		{B049CFDB-2F1A-4EBC-8508-306CB30B69E1} = {A672AE28-98A5-4EEE-9D23-1DD962D09826}
		{C5FA0C44-206D-4E34-9183-C4336CA9AB84} = {A672AE28-98A5-4EEE-9D23-1DD962D09826}
		{E6CA1882-65BA-472B-98E4-4F878CCF40F9} = {A672AE28-98A5-4EEE-9D23-1DD962D09826}
		{E0E5C0AE-1006-4BD3-A2CF-FB4066CDBE42} = {916FC042-C497-44C9-B90B-36DEE8136FB8}
		{87E08BD6-DCE1-424D-8CDB-B16BAB87C389} = {916FC042-C497-44C9-B90B-36DEE8136FB8}
		{EF53D4E3-ABB7-4496-97BF-85224FF51670} = {916FC042-C497-44C9-B90B-36DEE8136FB8}
		{C38F76E0-0B84-40A5-A180-53A02C893410} = {916FC042-C497-44C9-B90B-36DEE8136FB8}
		{F582BD9C-DF67-4F7B-A414-6C619F3B021E} = {916FC042-C497-44C9-B90B-36DEE8136FB8}
		{47E2D6EB-9C48-490D-9BCB-F5B40961ADE3} = {916FC042-C497-44C9-B90B-36DEE8136FB8}
		{70C57FFC-7119-4D3D-B2D7-B14BAF032BD5} = {916FC042-C497-44C9-B90B-36DEE8136FB8}
		{6D4583CD-FE15-4296-A10F-3D8BF800026C} = {916FC042-C497-44C9-B90B-36DEE8136FB8}
	EndGlobalSection
	GlobalSection(ExtensibilityGlobals) = postSolution
		SolutionGuid = {A7B75CF0-BD90-4B52-AF3F-1CEBD01DFC51}
	EndGlobalSection
EndGlobal
